// !$*UTF8*$!
{
	archiveVersion = 1;
	classes = {
	};
	objectVersion = 46;
	objects = {

/* Begin PBXBuildFile section */
		C60545D31C0D4DD700448D0D /* main.m in Sources */ = {isa = PBXBuildFile; fileRef = C60545D21C0D4DD700448D0D /* main.m */; };
		C60545D61C0D4DD700448D0D /* AppDelegate.m in Sources */ = {isa = PBXBuildFile; fileRef = C60545D51C0D4DD700448D0D /* AppDelegate.m */; };
		C60545D91C0D4DD700448D0D /* ViewController.m in Sources */ = {isa = PBXBuildFile; fileRef = C60545D81C0D4DD700448D0D /* ViewController.m */; };
		C60545DC1C0D4DD700448D0D /* Main.storyboard in Resources */ = {isa = PBXBuildFile; fileRef = C60545DA1C0D4DD700448D0D /* Main.storyboard */; };
		C60545DE1C0D4DD700448D0D /* Images.xcassets in Resources */ = {isa = PBXBuildFile; fileRef = C60545DD1C0D4DD700448D0D /* Images.xcassets */; };
		C60545E11C0D4DD700448D0D /* LaunchScreen.xib in Resources */ = {isa = PBXBuildFile; fileRef = C60545DF1C0D4DD700448D0D /* LaunchScreen.xib */; };
		C60545ED1C0D4DD700448D0D /* DataKongTests.m in Sources */ = {isa = PBXBuildFile; fileRef = C60545EC1C0D4DD700448D0D /* DataKongTests.m */; };
		C6D703CC1C10393D00B13ABE /* WebKit.framework in Frameworks */ = {isa = PBXBuildFile; fileRef = C6D703CB1C10393D00B13ABE /* WebKit.framework */; };
		C6E29DC61C10303F0025F6FE /* Vg_WebViewJavaScript.m in Sources */ = {isa = PBXBuildFile; fileRef = C6E29DC51C10303F0025F6FE /* Vg_WebViewJavaScript.m */; };
/* End PBXBuildFile section */

/* Begin PBXContainerItemProxy section */
		C60545E71C0D4DD700448D0D /* PBXContainerItemProxy */ = {
			isa = PBXContainerItemProxy;
			containerPortal = C60545C51C0D4DD600448D0D /* Project object */;
			proxyType = 1;
			remoteGlobalIDString = C60545CC1C0D4DD700448D0D;
			remoteInfo = DataKong;
		};
/* End PBXContainerItemProxy section */

/* Begin PBXFileReference section */
		C60545CD1C0D4DD700448D0D /* WebViewAndJavaScript.app */ = {isa = PBXFileReference; explicitFileType = wrapper.application; includeInIndex = 0; path = WebViewAndJavaScript.app; sourceTree = BUILT_PRODUCTS_DIR; };
		C60545D11C0D4DD700448D0D /* Info.plist */ = {isa = PBXFileReference; lastKnownFileType = text.plist.xml; path = Info.plist; sourceTree = "<group>"; };
		C60545D21C0D4DD700448D0D /* main.m */ = {isa = PBXFileReference; lastKnownFileType = sourcecode.c.objc; path = main.m; sourceTree = "<group>"; };
		C60545D41C0D4DD700448D0D /* AppDelegate.h */ = {isa = PBXFileReference; lastKnownFileType = sourcecode.c.h; path = AppDelegate.h; sourceTree = "<group>"; };
		C60545D51C0D4DD700448D0D /* AppDelegate.m */ = {isa = PBXFileReference; lastKnownFileType = sourcecode.c.objc; path = AppDelegate.m; sourceTree = "<group>"; };
		C60545D71C0D4DD700448D0D /* ViewController.h */ = {isa = PBXFileReference; lastKnownFileType = sourcecode.c.h; path = ViewController.h; sourceTree = "<group>"; };
		C60545D81C0D4DD700448D0D /* ViewController.m */ = {isa = PBXFileReference; lastKnownFileType = sourcecode.c.objc; path = ViewController.m; sourceTree = "<group>"; };
		C60545DB1C0D4DD700448D0D /* Base */ = {isa = PBXFileReference; lastKnownFileType = file.storyboard; name = Base; path = Base.lproj/Main.storyboard; sourceTree = "<group>"; };
		C60545DD1C0D4DD700448D0D /* Images.xcassets */ = {isa = PBXFileReference; lastKnownFileType = folder.assetcatalog; path = Images.xcassets; sourceTree = "<group>"; };
		C60545E01C0D4DD700448D0D /* Base */ = {isa = PBXFileReference; lastKnownFileType = file.xib; name = Base; path = Base.lproj/LaunchScreen.xib; sourceTree = "<group>"; };
		C60545E61C0D4DD700448D0D /* WebViewAndJavaScript.xctest */ = {isa = PBXFileReference; explicitFileType = wrapper.cfbundle; includeInIndex = 0; path = WebViewAndJavaScript.xctest; sourceTree = BUILT_PRODUCTS_DIR; };
		C60545EB1C0D4DD700448D0D /* Info.plist */ = {isa = PBXFileReference; lastKnownFileType = text.plist.xml; path = Info.plist; sourceTree = "<group>"; };
		C60545EC1C0D4DD700448D0D /* DataKongTests.m */ = {isa = PBXFileReference; lastKnownFileType = sourcecode.c.objc; path = DataKongTests.m; sourceTree = "<group>"; };
		C6D703CB1C10393D00B13ABE /* WebKit.framework */ = {isa = PBXFileReference; lastKnownFileType = wrapper.framework; name = WebKit.framework; path = System/Library/Frameworks/WebKit.framework; sourceTree = SDKROOT; };
		C6E29DC41C10303F0025F6FE /* Vg_WebViewJavaScript.h */ = {isa = PBXFileReference; fileEncoding = 4; lastKnownFileType = sourcecode.c.h; name = Vg_WebViewJavaScript.h; path = ../Vg_WebViewJavaScript.h; sourceTree = "<group>"; };
		C6E29DC51C10303F0025F6FE /* Vg_WebViewJavaScript.m */ = {isa = PBXFileReference; fileEncoding = 4; lastKnownFileType = sourcecode.c.objc; name = Vg_WebViewJavaScript.m; path = ../Vg_WebViewJavaScript.m; sourceTree = "<group>"; };
/* End PBXFileReference section */

/* Begin PBXFrameworksBuildPhase section */
		C60545CA1C0D4DD700448D0D /* Frameworks */ = {
			isa = PBXFrameworksBuildPhase;
			buildActionMask = 2147483647;
			files = (
				C6D703CC1C10393D00B13ABE /* WebKit.framework in Frameworks */,
			);
			runOnlyForDeploymentPostprocessing = 0;
		};
		C60545E31C0D4DD700448D0D /* Frameworks */ = {
			isa = PBXFrameworksBuildPhase;
			buildActionMask = 2147483647;
			files = (
			);
			runOnlyForDeploymentPostprocessing = 0;
		};
/* End PBXFrameworksBuildPhase section */

/* Begin PBXGroup section */
		C60545C41C0D4DD600448D0D = {
			isa = PBXGroup;
			children = (
				C6D703CB1C10393D00B13ABE /* WebKit.framework */,
				C60545CF1C0D4DD700448D0D /* DataKong */,
				C60545E91C0D4DD700448D0D /* DataKongTests */,
				C60545CE1C0D4DD700448D0D /* Products */,
			);
			sourceTree = "<group>";
		};
		C60545CE1C0D4DD700448D0D /* Products */ = {
			isa = PBXGroup;
			children = (
				C60545CD1C0D4DD700448D0D /* WebViewAndJavaScript.app */,
				C60545E61C0D4DD700448D0D /* WebViewAndJavaScript.xctest */,
			);
			name = Products;
			sourceTree = "<group>";
		};
		C60545CF1C0D4DD700448D0D /* DataKong */ = {
			isa = PBXGroup;
			children = (
				C6E29DC41C10303F0025F6FE /* Vg_WebViewJavaScript.h */,
				C6E29DC51C10303F0025F6FE /* Vg_WebViewJavaScript.m */,
				C60545D41C0D4DD700448D0D /* AppDelegate.h */,
				C60545D51C0D4DD700448D0D /* AppDelegate.m */,
				C60545D71C0D4DD700448D0D /* ViewController.h */,
				C60545D81C0D4DD700448D0D /* ViewController.m */,
				C60545DA1C0D4DD700448D0D /* Main.storyboard */,
				C60545DD1C0D4DD700448D0D /* Images.xcassets */,
				C60545DF1C0D4DD700448D0D /* LaunchScreen.xib */,
				C60545D01C0D4DD700448D0D /* Supporting Files */,
			);
			path = DataKong;
			sourceTree = "<group>";
		};
		C60545D01C0D4DD700448D0D /* Supporting Files */ = {
			isa = PBXGroup;
			children = (
				C60545D11C0D4DD700448D0D /* Info.plist */,
				C60545D21C0D4DD700448D0D /* main.m */,
			);
			name = "Supporting Files";
			sourceTree = "<group>";
		};
		C60545E91C0D4DD700448D0D /* DataKongTests */ = {
			isa = PBXGroup;
			children = (
				C60545EC1C0D4DD700448D0D /* DataKongTests.m */,
				C60545EA1C0D4DD700448D0D /* Supporting Files */,
			);
			path = DataKongTests;
			sourceTree = "<group>";
		};
		C60545EA1C0D4DD700448D0D /* Supporting Files */ = {
			isa = PBXGroup;
			children = (
				C60545EB1C0D4DD700448D0D /* Info.plist */,
			);
			name = "Supporting Files";
			sourceTree = "<group>";
		};
/* End PBXGroup section */

/* Begin PBXNativeTarget section */
		C60545CC1C0D4DD700448D0D /* WebViewAndJavaScript */ = {
			isa = PBXNativeTarget;
			buildConfigurationList = C60545F01C0D4DD700448D0D /* Build configuration list for PBXNativeTarget "WebViewAndJavaScript" */;
			buildPhases = (
				C60545C91C0D4DD700448D0D /* Sources */,
				C60545CA1C0D4DD700448D0D /* Frameworks */,
				C60545CB1C0D4DD700448D0D /* Resources */,
			);
			buildRules = (
			);
			dependencies = (
			);
			name = WebViewAndJavaScript;
			productName = DataKong;
			productReference = C60545CD1C0D4DD700448D0D /* WebViewAndJavaScript.app */;
			productType = "com.apple.product-type.application";
		};
		C60545E51C0D4DD700448D0D /* WebViewAndJavaScriptTests */ = {
			isa = PBXNativeTarget;
			buildConfigurationList = C60545F31C0D4DD700448D0D /* Build configuration list for PBXNativeTarget "WebViewAndJavaScriptTests" */;
			buildPhases = (
				C60545E21C0D4DD700448D0D /* Sources */,
				C60545E31C0D4DD700448D0D /* Frameworks */,
				C60545E41C0D4DD700448D0D /* Resources */,
			);
			buildRules = (
			);
			dependencies = (
				C60545E81C0D4DD700448D0D /* PBXTargetDependency */,
			);
			name = WebViewAndJavaScriptTests;
			productName = DataKongTests;
			productReference = C60545E61C0D4DD700448D0D /* WebViewAndJavaScript.xctest */;
			productType = "com.apple.product-type.bundle.unit-test";
		};
/* End PBXNativeTarget section */

/* Begin PBXProject section */
		C60545C51C0D4DD600448D0D /* Project object */ = {
			isa = PBXProject;
			attributes = {
				LastUpgradeCheck = 0640;
				ORGANIZATIONNAME = lq;
				TargetAttributes = {
					C60545CC1C0D4DD700448D0D = {
						CreatedOnToolsVersion = 6.4;
					};
					C60545E51C0D4DD700448D0D = {
						CreatedOnToolsVersion = 6.4;
						TestTargetID = C60545CC1C0D4DD700448D0D;
					};
				};
			};
			buildConfigurationList = C60545C81C0D4DD600448D0D /* Build configuration list for PBXProject "WebViewAndJavaScript" */;
			compatibilityVersion = "Xcode 3.2";
			developmentRegion = English;
			hasScannedForEncodings = 0;
			knownRegions = (
				en,
				Base,
			);
			mainGroup = C60545C41C0D4DD600448D0D;
			productRefGroup = C60545CE1C0D4DD700448D0D /* Products */;
			projectDirPath = "";
			projectRoot = "";
			targets = (
				C60545CC1C0D4DD700448D0D /* WebViewAndJavaScript */,
				C60545E51C0D4DD700448D0D /* WebViewAndJavaScriptTests */,
			);
		};
/* End PBXProject section */

/* Begin PBXResourcesBuildPhase section */
		C60545CB1C0D4DD700448D0D /* Resources */ = {
			isa = PBXResourcesBuildPhase;
			buildActionMask = 2147483647;
			files = (
				C60545DC1C0D4DD700448D0D /* Main.storyboard in Resources */,
				C60545E11C0D4DD700448D0D /* LaunchScreen.xib in Resources */,
				C60545DE1C0D4DD700448D0D /* Images.xcassets in Resources */,
			);
			runOnlyForDeploymentPostprocessing = 0;
		};
		C60545E41C0D4DD700448D0D /* Resources */ = {
			isa = PBXResourcesBuildPhase;
			buildActionMask = 2147483647;
			files = (
			);
			runOnlyForDeploymentPostprocessing = 0;
		};
/* End PBXResourcesBuildPhase section */

/* Begin PBXSourcesBuildPhase section */
		C60545C91C0D4DD700448D0D /* Sources */ = {
			isa = PBXSourcesBuildPhase;
			buildActionMask = 2147483647;
			files = (
				C60545D91C0D4DD700448D0D /* ViewController.m in Sources */,
				C60545D61C0D4DD700448D0D /* AppDelegate.m in Sources */,
				C6E29DC61C10303F0025F6FE /* Vg_WebViewJavaScript.m in Sources */,
				C60545D31C0D4DD700448D0D /* main.m in Sources */,
			);
			runOnlyForDeploymentPostprocessing = 0;
		};
		C60545E21C0D4DD700448D0D /* Sources */ = {
			isa = PBXSourcesBuildPhase;
			buildActionMask = 2147483647;
			files = (
				C60545ED1C0D4DD700448D0D /* DataKongTests.m in Sources */,
			);
			runOnlyForDeploymentPostprocessing = 0;
		};
/* End PBXSourcesBuildPhase section */

/* Begin PBXTargetDependency section */
		C60545E81C0D4DD700448D0D /* PBXTargetDependency */ = {
			isa = PBXTargetDependency;
			target = C60545CC1C0D4DD700448D0D /* WebViewAndJavaScript */;
			targetProxy = C60545E71C0D4DD700448D0D /* PBXContainerItemProxy */;
		};
/* End PBXTargetDependency section */

/* Begin PBXVariantGroup section */
		C60545DA1C0D4DD700448D0D /* Main.storyboard */ = {
			isa = PBXVariantGroup;
			children = (
				C60545DB1C0D4DD700448D0D /* Base */,
			);
			name = Main.storyboard;
			sourceTree = "<group>";
		};
		C60545DF1C0D4DD700448D0D /* LaunchScreen.xib */ = {
			isa = PBXVariantGroup;
			children = (
				C60545E01C0D4DD700448D0D /* Base */,
			);
			name = LaunchScreen.xib;
			sourceTree = "<group>";
		};
/* End PBXVariantGroup section */

/* Begin XCBuildConfiguration section */
		C60545EE1C0D4DD700448D0D /* Debug */ = {
			isa = XCBuildConfiguration;
			buildSettings = {
				ALWAYS_SEARCH_USER_PATHS = NO;
				CLANG_CXX_LANGUAGE_STANDARD = "gnu++0x";
				CLANG_CXX_LIBRARY = "libc++";
				CLANG_ENABLE_MODULES = YES;
				CLANG_ENABLE_OBJC_ARC = YES;
				CLANG_WARN_BOOL_CONVERSION = YES;
				CLANG_WARN_CONSTANT_CONVERSION = YES;
				CLANG_WARN_DIRECT_OBJC_ISA_USAGE = YES_ERROR;
				CLANG_WARN_EMPTY_BODY = YES;
				CLANG_WARN_ENUM_CONVERSION = YES;
				CLANG_WARN_INT_CONVERSION = YES;
				CLANG_WARN_OBJC_ROOT_CLASS = YES_ERROR;
				CLANG_WARN_UNREACHABLE_CODE = YES;
				CLANG_WARN__DUPLICATE_METHOD_MATCH = YES;
				"CODE_SIGN_IDENTITY[sdk=iphoneos*]" = "iPhone Developer";
				COPY_PHASE_STRIP = NO;
				DEBUG_INFORMATION_FORMAT = "dwarf-with-dsym";
				ENABLE_STRICT_OBJC_MSGSEND = YES;
				GCC_C_LANGUAGE_STANDARD = gnu99;
				GCC_DYNAMIC_NO_PIC = NO;
				GCC_NO_COMMON_BLOCKS = YES;
				GCC_OPTIMIZATION_LEVEL = 0;
				GCC_PREPROCESSOR_DEFINITIONS = (
					"DEBUG=1",
					"$(inherited)",
				);
				GCC_SYMBOLS_PRIVATE_EXTERN = NO;
				GCC_WARN_64_TO_32_BIT_CONVERSION = YES;
				GCC_WARN_ABOUT_RETURN_TYPE = YES_ERROR;
				GCC_WARN_UNDECLARED_SELECTOR = YES;
				GCC_WARN_UNINITIALIZED_AUTOS = YES_AGGRESSIVE;
				GCC_WARN_UNUSED_FUNCTION = YES;
				GCC_WARN_UNUSED_VARIABLE = YES;
				IPHONEOS_DEPLOYMENT_TARGET = 8.4;
				MTL_ENABLE_DEBUG_INFO = YES;
				ONLY_ACTIVE_ARCH = YES;
				SDKROOT = iphoneos;
			};
			name = Debug;
		};
		C60545EF1C0D4DD700448D0D /* Release */ = {
			isa = XCBuildConfiguration;
			buildSettings = {
				ALWAYS_SEARCH_USER_PATHS = NO;
				CLANG_CXX_LANGUAGE_STANDARD = "gnu++0x";
				CLANG_CXX_LIBRARY = "libc++";
				CLANG_ENABLE_MODULES = YES;
				CLANG_ENABLE_OBJC_ARC = YES;
				CLANG_WARN_BOOL_CONVERSION = YES;
				CLANG_WARN_CONSTANT_CONVERSION = YES;
				CLANG_WARN_DIRECT_OBJC_ISA_USAGE = YES_ERROR;
				CLANG_WARN_EMPTY_BODY = YES;
				CLANG_WARN_ENUM_CONVERSION = YES;
				CLANG_WARN_INT_CONVERSION = YES;
				CLANG_WARN_OBJC_ROOT_CLASS = YES_ERROR;
				CLANG_WARN_UNREACHABLE_CODE = YES;
				CLANG_WARN__DUPLICATE_METHOD_MATCH = YES;
				"CODE_SIGN_IDENTITY[sdk=iphoneos*]" = "iPhone Developer";
				COPY_PHASE_STRIP = NO;
				DEBUG_INFORMATION_FORMAT = "dwarf-with-dsym";
				ENABLE_NS_ASSERTIONS = NO;
				ENABLE_STRICT_OBJC_MSGSEND = YES;
				GCC_C_LANGUAGE_STANDARD = gnu99;
				GCC_NO_COMMON_BLOCKS = YES;
				GCC_WARN_64_TO_32_BIT_CONVERSION = YES;
				GCC_WARN_ABOUT_RETURN_TYPE = YES_ERROR;
				GCC_WARN_UNDECLARED_SELECTOR = YES;
				GCC_WARN_UNINITIALIZED_AUTOS = YES_AGGRESSIVE;
				GCC_WARN_UNUSED_FUNCTION = YES;
				GCC_WARN_UNUSED_VARIABLE = YES;
				IPHONEOS_DEPLOYMENT_TARGET = 8.4;
				MTL_ENABLE_DEBUG_INFO = NO;
				SDKROOT = iphoneos;
				VALIDATE_PRODUCT = YES;
			};
			name = Release;
		};
		C60545F11C0D4DD700448D0D /* Debug */ = {
			isa = XCBuildConfiguration;
			buildSettings = {
				ASSETCATALOG_COMPILER_APPICON_NAME = AppIcon;
				INFOPLIST_FILE = DataKong/Info.plist;
				IPHONEOS_DEPLOYMENT_TARGET = 7.0;
				LD_RUNPATH_SEARCH_PATHS = "$(inherited) @executable_path/Frameworks";
				PRODUCT_NAME = WebViewAndJavaScript;
			};
			name = Debug;
		};
		C60545F21C0D4DD700448D0D /* Release */ = {
			isa = XCBuildConfiguration;
			buildSettings = {
				ASSETCATALOG_COMPILER_APPICON_NAME = AppIcon;
				INFOPLIST_FILE = DataKong/Info.plist;
				IPHONEOS_DEPLOYMENT_TARGET = 7.0;
				LD_RUNPATH_SEARCH_PATHS = "$(inherited) @executable_path/Frameworks";
				PRODUCT_NAME = WebViewAndJavaScript;
			};
			name = Release;
		};
		C60545F41C0D4DD700448D0D /* Debug */ = {
			isa = XCBuildConfiguration;
			buildSettings = {
				BUNDLE_LOADER = "$(TEST_HOST)";
				FRAMEWORK_SEARCH_PATHS = (
					"$(SDKROOT)/Developer/Library/Frameworks",
					"$(inherited)",
				);
				GCC_PREPROCESSOR_DEFINITIONS = (
					"DEBUG=1",
					"$(inherited)",
				);
				INFOPLIST_FILE = DataKongTests/Info.plist;
				LD_RUNPATH_SEARCH_PATHS = "$(inherited) @executable_path/Frameworks @loader_path/Frameworks";
				PRODUCT_NAME = WebViewAndJavaScript;
				TEST_HOST = "$(BUILT_PRODUCTS_DIR)/WebViewAndJavaScript.app/WebViewAndJavaScript";
			};
			name = Debug;
		};
		C60545F51C0D4DD700448D0D /* Release */ = {
			isa = XCBuildConfiguration;
			buildSettings = {
				BUNDLE_LOADER = "$(TEST_HOST)";
				FRAMEWORK_SEARCH_PATHS = (
					"$(SDKROOT)/Developer/Library/Frameworks",
					"$(inherited)",
				);
				INFOPLIST_FILE = DataKongTests/Info.plist;
				LD_RUNPATH_SEARCH_PATHS = "$(inherited) @executable_path/Frameworks @loader_path/Frameworks";
				PRODUCT_NAME = WebViewAndJavaScript;
				TEST_HOST = "$(BUILT_PRODUCTS_DIR)/WebViewAndJavaScript.app/WebViewAndJavaScript";
			};
			name = Release;
		};
/* End XCBuildConfiguration section */

/* Begin XCConfigurationList section */
		C60545C81C0D4DD600448D0D /* Build configuration list for PBXProject "WebViewAndJavaScript" */ = {
			isa = XCConfigurationList;
			buildConfigurations = (
				C60545EE1C0D4DD700448D0D /* Debug */,
				C60545EF1C0D4DD700448D0D /* Release */,
			);
			defaultConfigurationIsVisible = 0;
			defaultConfigurationName = Release;
		};
		C60545F01C0D4DD700448D0D /* Build configuration list for PBXNativeTarget "WebViewAndJavaScript" */ = {
			isa = XCConfigurationList;
			buildConfigurations = (
				C60545F11C0D4DD700448D0D /* Debug */,
				C60545F21C0D4DD700448D0D /* Release */,
			);
			defaultConfigurationIsVisible = 0;
			defaultConfigurationName = Release;
		};
		C60545F31C0D4DD700448D0D /* Build configuration list for PBXNativeTarget "WebViewAndJavaScriptTests" */ = {
			isa = XCConfigurationList;
			buildConfigurations = (
				C60545F41C0D4DD700448D0D /* Debug */,
				C60545F51C0D4DD700448D0D /* Release */,
			);
			defaultConfigurationIsVisible = 0;
			defaultConfigurationName = Release;
		};
/* End XCConfigurationList section */
	};
	rootObject = C60545C51C0D4DD600448D0D /* Project object */;
}
